
Microsoft Visual Studio Solution File, Format Version 12.00
# Visual Studio Version 17
VisualStudioVersion = 17.4.33122.133
MinimumVisualStudioVersion = 10.0.40219.1
Project("{FAE04EC0-301F-11D3-BF4B-00C04F79EFBC}") = "GainsTrackerServer", "GainsTrackerServer\GainsTrackerServer.csproj", "{6FA9C1F3-2642-450C-A497-8860DE211742}"
EndProject
Global
	GlobalSection(SolutionConfigurationPlatforms) = preSolution
		Debug|Any CPU = Debug|Any CPU
		Release|Any CPU = Release|Any CPU
	EndGlobalSection
	GlobalSection(ProjectConfigurationPlatforms) = postSolution
		{6FA9C1F3-2642-450C-A497-8860DE211742}.Debug|Any CPU.ActiveCfg = Debug|Any CPU
		{6FA9C1F3-2642-450C-A497-8860DE211742}.Debug|Any CPU.Build.0 = Debug|Any CPU
		{6FA9C1F3-2642-450C-A497-8860DE211742}.Release|Any CPU.ActiveCfg = Release|Any CPU
		{6FA9C1F3-2642-450C-A497-8860DE211742}.Release|Any CPU.Build.0 = Release|Any CPU
	EndGlobalSection
	GlobalSection(SolutionProperties) = preSolution
		HideSolutionNode = FALSE
	EndGlobalSection
	GlobalSection(ExtensibilityGlobals) = postSolution
		SolutionGuid = {BE12AC3A-ACAF-4F9B-A2BF-F6818D29610D}
	EndGlobalSection
EndGlobal
